
Microsoft Visual Studio Solution File, Format Version 12.00
# Visual Studio 15
VisualStudioVersion = 15.0.26403.7
MinimumVisualStudioVersion = 10.0.40219.1
Project("{FAE04EC0-301F-11D3-BF4B-00C04F79EFBC}") = "LocalDbExample", "LocalDbExample\LocalDbExample.csproj", "{4E15507E-60F7-40D8-9BD6-859428292E91}"
EndProject
Project("{FAE04EC0-301F-11D3-BF4B-00C04F79EFBC}") = "LocalDbExample.Domain", "LocalDbExample.Domain\LocalDbExample.Domain.csproj", "{818D1FAA-90D3-47A9-8198-F4780E798D97}"
EndProject
Project("{FAE04EC0-301F-11D3-BF4B-00C04F79EFBC}") = "LocalDbExample.Persistence", "LocalDbExample.Persistence\LocalDbExample.Persistence.csproj", "{9ED38885-D437-477D-8E35-F1007A305A60}"
EndProject
Project("{FAE04EC0-301F-11D3-BF4B-00C04F79EFBC}") = "LocalDbExample.DTO", "LocalDbExample.DTO\LocalDbExample.DTO.csproj", "{E69F7B17-1E97-4AB4-B87C-CC3980302037}"
EndProject
Global
	GlobalSection(SolutionConfigurationPlatforms) = preSolution
		Debug|Any CPU = Debug|Any CPU
		Release|Any CPU = Release|Any CPU
	EndGlobalSection
	GlobalSection(ProjectConfigurationPlatforms) = postSolution
		{4E15507E-60F7-40D8-9BD6-859428292E91}.Debug|Any CPU.ActiveCfg = Debug|Any CPU
		{4E15507E-60F7-40D8-9BD6-859428292E91}.Debug|Any CPU.Build.0 = Debug|Any CPU
		{4E15507E-60F7-40D8-9BD6-859428292E91}.Release|Any CPU.ActiveCfg = Release|Any CPU
		{4E15507E-60F7-40D8-9BD6-859428292E91}.Release|Any CPU.Build.0 = Release|Any CPU
		{818D1FAA-90D3-47A9-8198-F4780E798D97}.Debug|Any CPU.ActiveCfg = Debug|Any CPU
		{818D1FAA-90D3-47A9-8198-F4780E798D97}.Debug|Any CPU.Build.0 = Debug|Any CPU
		{818D1FAA-90D3-47A9-8198-F4780E798D97}.Release|Any CPU.ActiveCfg = Release|Any CPU
		{818D1FAA-90D3-47A9-8198-F4780E798D97}.Release|Any CPU.Build.0 = Release|Any CPU
		{9ED38885-D437-477D-8E35-F1007A305A60}.Debug|Any CPU.ActiveCfg = Debug|Any CPU
		{9ED38885-D437-477D-8E35-F1007A305A60}.Debug|Any CPU.Build.0 = Debug|Any CPU
		{9ED38885-D437-477D-8E35-F1007A305A60}.Release|Any CPU.ActiveCfg = Release|Any CPU
		{9ED38885-D437-477D-8E35-F1007A305A60}.Release|Any CPU.Build.0 = Release|Any CPU
		{E69F7B17-1E97-4AB4-B87C-CC3980302037}.Debug|Any CPU.ActiveCfg = Debug|Any CPU
		{E69F7B17-1E97-4AB4-B87C-CC3980302037}.Debug|Any CPU.Build.0 = Debug|Any CPU
		{E69F7B17-1E97-4AB4-B87C-CC3980302037}.Release|Any CPU.ActiveCfg = Release|Any CPU
		{E69F7B17-1E97-4AB4-B87C-CC3980302037}.Release|Any CPU.Build.0 = Release|Any CPU
	EndGlobalSection
	GlobalSection(SolutionProperties) = preSolution
		HideSolutionNode = FALSE
	EndGlobalSection
EndGlobal
